Microsoft Visual Studio Solution File, Format Version 11.00
# Visual Studio 2008

Project("{50E20769-F9A6-AE87-AE43-3FF915EF1012}") = "TrafficReport", "Assembly-CSharp-vs.csproj", "{9D66EBC5-6E87-BCB2-C6F2-5B6D5B12FC79}"
EndProject
Global
	GlobalSection(SolutionConfigurationPlatforms) = preSolution
		Debug|Any CPU = Debug|Any CPU
		Release|Any CPU = Release|Any CPU
	EndGlobalSection
	GlobalSection(ProjectConfigurationPlatforms) = postSolution
		{9D66EBC5-6E87-BCB2-C6F2-5B6D5B12FC79}.Debug|Any CPU.ActiveCfg = Debug|Any CPU
		{9D66EBC5-6E87-BCB2-C6F2-5B6D5B12FC79}.Debug|Any CPU.Build.0 = Debug|Any CPU
		{9D66EBC5-6E87-BCB2-C6F2-5B6D5B12FC79}.Release|Any CPU.ActiveCfg = Release|Any CPU
		{9D66EBC5-6E87-BCB2-C6F2-5B6D5B12FC79}.Release|Any CPU.Build.0 = Release|Any CPU
	EndGlobalSection
	GlobalSection(SolutionProperties) = preSolution
		HideSolutionNode = FALSE
	EndGlobalSection
					GlobalSection(MonoDevelopProperties) = preSolution
		StartupItem = Assembly-CSharp.csproj
=======
	GlobalSection(SolutionProperties) = preSolution
		HideSolutionNode = FALSE
	EndGlobalSection
			GlobalSection(MonoDevelopProperties) = preSolution
		StartupItem = TrafficReportMod.csproj
>>>>>>> b338e0e988c839164553b6e9adedc91dccb79b69
		Policies = $0
		$0.TextStylePolicy = $1
		$1.FileWidth = 120
		$1.TabsToSpaces = False
		$1.inheritsSet = VisualStudio
		$1.inheritsScope = text/plain
	EndGlobalSection

EndGlobal
