
Microsoft Visual Studio Solution File, Format Version 11.00
# Visual Studio 2010
Project("{FAE04EC0-301F-11D3-BF4B-00C04F79EFBC}") = "TrafficReport", "TrafficReport.csproj", "{6F075CED-2C41-4008-B04E-7DD5557E5428}"
EndProject
Global
	GlobalSection(SolutionConfigurationPlatforms) = preSolution
		Debug|Any CPU = Debug|Any CPU
		Release|Any CPU = Release|Any CPU
	EndGlobalSection
	GlobalSection(ProjectConfigurationPlatforms) = postSolution
		{6F075CED-2C41-4008-B04E-7DD5557E5428}.Debug|Any CPU.ActiveCfg = Debug|Any CPU
		{6F075CED-2C41-4008-B04E-7DD5557E5428}.Debug|Any CPU.Build.0 = Debug|Any CPU
		{6F075CED-2C41-4008-B04E-7DD5557E5428}.Release|Any CPU.ActiveCfg = Release|Any CPU
		{6F075CED-2C41-4008-B04E-7DD5557E5428}.Release|Any CPU.Build.0 = Release|Any CPU
	EndGlobalSection
	GlobalSection(MonoDevelopProperties) = preSolution
		StartupItem = TrafficReport.csproj
		Policies = $0
		$0.TextStylePolicy = $1
		$1.FileWidth = 120
		$1.TabsToSpaces = False
		$1.inheritsSet = VisualStudio
		$1.inheritsScope = text/plain
		GlobalSection(MonoDevelopProperties) = preSolution
	EndGlobalSection
	GlobalSection(SolutionProperties) = preSolution
		HideSolutionNode = FALSE
	EndGlobalSection
EndGlobal
